
Microsoft Visual Studio Solution File, Format Version 10.00
# Visual Studio 2008
Project("{E24C65DC-7377-472B-9ABA-BC803B73C61A}") = "daWeb", "D:\工作\daWeb\", "{97DF1C19-90B8-413A-AA2E-6B7311C10F85}"
	ProjectSection(WebsiteProperties) = preProject
		TargetFramework = "3.5"
		ProjectReferences = "{FA66CF24-0B4E-4D4F-A068-3F01E3F4DB3D}|daDB.dll;"
		Debug.AspNetCompiler.VirtualPath = "/daWeb"
		Debug.AspNetCompiler.PhysicalPath = "D:\工作\daWeb\"
		Debug.AspNetCompiler.TargetPath = "PrecompiledWeb\daWeb\"
		Debug.AspNetCompiler.Updateable = "true"
		Debug.AspNetCompiler.ForceOverwrite = "true"
		Debug.AspNetCompiler.FixedNames = "false"
		Debug.AspNetCompiler.Debug = "True"
		Release.AspNetCompiler.VirtualPath = "/daWeb"
		Release.AspNetCompiler.PhysicalPath = "D:\工作\daWeb\"
		Release.AspNetCompiler.TargetPath = "PrecompiledWeb\daWeb\"
		Release.AspNetCompiler.Updateable = "true"
		Release.AspNetCompiler.ForceOverwrite = "true"
		Release.AspNetCompiler.FixedNames = "false"
		Release.AspNetCompiler.Debug = "False"
		VWDPort = "30809"
		DefaultWebSiteLanguage = "Visual C#"
	EndProjectSection
EndProject
Project("{FAE04EC0-301F-11D3-BF4B-00C04F79EFBC}") = "daDB", "D:\工作\daDB\daDB\daDB.csproj", "{FA66CF24-0B4E-4D4F-A068-3F01E3F4DB3D}"
EndProject
Global
	GlobalSection(SolutionConfigurationPlatforms) = preSolution
		Debug|.NET = Debug|.NET
		Debug|Any CPU = Debug|Any CPU
		Debug|Mixed Platforms = Debug|Mixed Platforms
		Release|.NET = Release|.NET
		Release|Any CPU = Release|Any CPU
		Release|Mixed Platforms = Release|Mixed Platforms
	EndGlobalSection
	GlobalSection(ProjectConfigurationPlatforms) = postSolution
		{97DF1C19-90B8-413A-AA2E-6B7311C10F85}.Debug|.NET.ActiveCfg = Debug|.NET
		{97DF1C19-90B8-413A-AA2E-6B7311C10F85}.Debug|.NET.Build.0 = Debug|.NET
		{97DF1C19-90B8-413A-AA2E-6B7311C10F85}.Debug|Any CPU.ActiveCfg = Debug|.NET
		{97DF1C19-90B8-413A-AA2E-6B7311C10F85}.Debug|Mixed Platforms.ActiveCfg = Debug|.NET
		{97DF1C19-90B8-413A-AA2E-6B7311C10F85}.Debug|Mixed Platforms.Build.0 = Debug|.NET
		{97DF1C19-90B8-413A-AA2E-6B7311C10F85}.Release|.NET.ActiveCfg = Debug|.NET
		{97DF1C19-90B8-413A-AA2E-6B7311C10F85}.Release|.NET.Build.0 = Debug|.NET
		{97DF1C19-90B8-413A-AA2E-6B7311C10F85}.Release|Any CPU.ActiveCfg = Debug|.NET
		{97DF1C19-90B8-413A-AA2E-6B7311C10F85}.Release|Mixed Platforms.ActiveCfg = Debug|.NET
		{97DF1C19-90B8-413A-AA2E-6B7311C10F85}.Release|Mixed Platforms.Build.0 = Debug|.NET
		{FA66CF24-0B4E-4D4F-A068-3F01E3F4DB3D}.Debug|.NET.ActiveCfg = Debug|Any CPU
		{FA66CF24-0B4E-4D4F-A068-3F01E3F4DB3D}.Debug|Any CPU.ActiveCfg = Debug|Any CPU
		{FA66CF24-0B4E-4D4F-A068-3F01E3F4DB3D}.Debug|Any CPU.Build.0 = Debug|Any CPU
		{FA66CF24-0B4E-4D4F-A068-3F01E3F4DB3D}.Debug|Mixed Platforms.ActiveCfg = Debug|Any CPU
		{FA66CF24-0B4E-4D4F-A068-3F01E3F4DB3D}.Debug|Mixed Platforms.Build.0 = Debug|Any CPU
		{FA66CF24-0B4E-4D4F-A068-3F01E3F4DB3D}.Release|.NET.ActiveCfg = Release|Any CPU
		{FA66CF24-0B4E-4D4F-A068-3F01E3F4DB3D}.Release|Any CPU.ActiveCfg = Release|Any CPU
		{FA66CF24-0B4E-4D4F-A068-3F01E3F4DB3D}.Release|Any CPU.Build.0 = Release|Any CPU
		{FA66CF24-0B4E-4D4F-A068-3F01E3F4DB3D}.Release|Mixed Platforms.ActiveCfg = Release|Any CPU
		{FA66CF24-0B4E-4D4F-A068-3F01E3F4DB3D}.Release|Mixed Platforms.Build.0 = Release|Any CPU
	EndGlobalSection
	GlobalSection(SolutionProperties) = preSolution
		HideSolutionNode = FALSE
	EndGlobalSection
EndGlobal
